
Microsoft Visual Studio Solution File, Format Version 12.00
# Visual Studio Version 17
VisualStudioVersion = 17.4.33213.308
MinimumVisualStudioVersion = 10.0.40219.1
Project("{FAE04EC0-301F-11D3-BF4B-00C04F79EFBC}") = "KanyeandRon", "KanyeandRon\KanyeandRon.csproj", "{03C6B0F3-DA1A-49C2-B553-C068499FB5A8}"
EndProject
Global
	GlobalSection(SolutionConfigurationPlatforms) = preSolution
		Debug|Any CPU = Debug|Any CPU
		Release|Any CPU = Release|Any CPU
	EndGlobalSection
	GlobalSection(ProjectConfigurationPlatforms) = postSolution
		{03C6B0F3-DA1A-49C2-B553-C068499FB5A8}.Debug|Any CPU.ActiveCfg = Debug|Any CPU
		{03C6B0F3-DA1A-49C2-B553-C068499FB5A8}.Debug|Any CPU.Build.0 = Debug|Any CPU
		{03C6B0F3-DA1A-49C2-B553-C068499FB5A8}.Release|Any CPU.ActiveCfg = Release|Any CPU
		{03C6B0F3-DA1A-49C2-B553-C068499FB5A8}.Release|Any CPU.Build.0 = Release|Any CPU
	EndGlobalSection
	GlobalSection(SolutionProperties) = preSolution
		HideSolutionNode = FALSE
	EndGlobalSection
	GlobalSection(ExtensibilityGlobals) = postSolution
		SolutionGuid = {7C61585A-5064-42FB-9E26-B28D46D0A865}
	EndGlobalSection
EndGlobal
